{
  "version": 4,
  "terraform_version": "1.4.2",
  "serial": 17,
  "lineage": "f2882dd4-c44e-f5b4-d265-96386afef679",
  "outputs": {},
  "resources": [
    {
      "module": "module.vpc",
      "mode": "managed",
      "type": "aws_eip",
      "name": "eip",
      "provider": "module.vpc.provider[\"registry.terraform.io/hashicorp/aws\"]",
      "instances": [
        {
          "index_key": 0,
          "schema_version": 0,
          "attributes": {
            "address": null,
            "allocation_id": "eipalloc-05621cc86aa0c1cd3",
            "associate_with_private_ip": null,
            "association_id": "",
            "carrier_ip": "",
            "customer_owned_ip": "",
            "customer_owned_ipv4_pool": "",
            "domain": "vpc",
            "id": "eipalloc-05621cc86aa0c1cd3",
            "instance": "",
            "network_border_group": "ap-south-1",
            "network_interface": "",
            "private_dns": null,
            "private_ip": "",
            "public_dns": "ec2-13-127-222-219.ap-south-1.compute.amazonaws.com",
            "public_ip": "13.127.222.219",
            "public_ipv4_pool": "amazon",
            "tags": {
              "Env": "PROD",
              "Managed_by": "BETAFLUX",
              "Name": "BF-NHM-PROD-MU-EIP-01",
              "Region": "ap-south-1",
              "Resource": "EIP"
            },
            "tags_all": {
              "Env": "PROD",
              "Managed_by": "BETAFLUX",
              "Name": "BF-NHM-PROD-MU-EIP-01",
              "Region": "ap-south-1",
              "Resource": "EIP"
            },
            "timeouts": null,
            "vpc": true
          },
          "sensitive_attributes": [],
          "private": "eyJlMmJmYjczMC1lY2FhLTExZTYtOGY4OC0zNDM2M2JjN2M0YzAiOnsiZGVsZXRlIjoxODAwMDAwMDAwMDAsInJlYWQiOjkwMDAwMDAwMDAwMCwidXBkYXRlIjozMDAwMDAwMDAwMDB9fQ=="
        },
        {
          "index_key": 1,
          "schema_version": 0,
          "attributes": {
            "address": null,
            "allocation_id": "eipalloc-096f651976c2840b9",
            "associate_with_private_ip": null,
            "association_id": "",
            "carrier_ip": "",
            "customer_owned_ip": "",
            "customer_owned_ipv4_pool": "",
            "domain": "vpc",
            "id": "eipalloc-096f651976c2840b9",
            "instance": "",
            "network_border_group": "ap-south-1",
            "network_interface": "",
            "private_dns": null,
            "private_ip": "",
            "public_dns": "ec2-3-109-177-83.ap-south-1.compute.amazonaws.com",
            "public_ip": "3.109.177.83",
            "public_ipv4_pool": "amazon",
            "tags": {
              "Env": "PROD",
              "Managed_by": "BETAFLUX",
              "Name": "BF-NHM-PROD-MU-EIP-02",
              "Region": "ap-south-1",
              "Resource": "EIP"
            },
            "tags_all": {
              "Env": "PROD",
              "Managed_by": "BETAFLUX",
              "Name": "BF-NHM-PROD-MU-EIP-02",
              "Region": "ap-south-1",
              "Resource": "EIP"
            },
            "timeouts": null,
            "vpc": true
          },
          "sensitive_attributes": [],
          "private": "eyJlMmJmYjczMC1lY2FhLTExZTYtOGY4OC0zNDM2M2JjN2M0YzAiOnsiZGVsZXRlIjoxODAwMDAwMDAwMDAsInJlYWQiOjkwMDAwMDAwMDAwMCwidXBkYXRlIjozMDAwMDAwMDAwMDB9fQ=="
        },
        {
          "index_key": 2,
          "schema_version": 0,
          "attributes": {
            "address": null,
            "allocation_id": "eipalloc-0d56f531ffa3fd78e",
            "associate_with_private_ip": null,
            "association_id": "",
            "carrier_ip": "",
            "customer_owned_ip": "",
            "customer_owned_ipv4_pool": "",
            "domain": "vpc",
            "id": "eipalloc-0d56f531ffa3fd78e",
            "instance": "",
            "network_border_group": "ap-south-1",
            "network_interface": "",
            "private_dns": null,
            "private_ip": "",
            "public_dns": "ec2-15-207-39-0.ap-south-1.compute.amazonaws.com",
            "public_ip": "15.207.39.0",
            "public_ipv4_pool": "amazon",
            "tags": {
              "Env": "PROD",
              "Managed_by": "BETAFLUX",
              "Name": "BF-NHM-PROD-MU-EIP-03",
              "Region": "ap-south-1",
              "Resource": "EIP"
            },
            "tags_all": {
              "Env": "PROD",
              "Managed_by": "BETAFLUX",
              "Name": "BF-NHM-PROD-MU-EIP-03",
              "Region": "ap-south-1",
              "Resource": "EIP"
            },
            "timeouts": null,
            "vpc": true
          },
          "sensitive_attributes": [],
          "private": "eyJlMmJmYjczMC1lY2FhLTExZTYtOGY4OC0zNDM2M2JjN2M0YzAiOnsiZGVsZXRlIjoxODAwMDAwMDAwMDAsInJlYWQiOjkwMDAwMDAwMDAwMCwidXBkYXRlIjozMDAwMDAwMDAwMDB9fQ=="
        }
      ]
    },
    {
      "module": "module.vpc",
      "mode": "managed",
      "type": "aws_internet_gateway",
      "name": "igw",
      "provider": "module.vpc.provider[\"registry.terraform.io/hashicorp/aws\"]",
      "instances": [
        {
          "schema_version": 0,
          "attributes": {
            "arn": "arn:aws:ec2:ap-south-1:020418788736:internet-gateway/igw-03200db4f65f32741",
            "id": "igw-03200db4f65f32741",
            "owner_id": "020418788736",
            "tags": {
              "Env": "PROD",
              "Managed_by": "BETAFLUX",
              "Name": "BF-NHM-PROD-MU-IGW-01",
              "Region": "ap-south-1",
              "Resource": "IGW"
            },
            "tags_all": {
              "Env": "PROD",
              "Managed_by": "BETAFLUX",
              "Name": "BF-NHM-PROD-MU-IGW-01",
              "Region": "ap-south-1",
              "Resource": "IGW"
            },
            "vpc_id": "vpc-06d582e6d0753b651"
          },
          "sensitive_attributes": [],
          "private": "bnVsbA==",
          "dependencies": [
            "module.vpc.aws_vpc.vpc"
          ]
        }
      ]
    },
    {
      "module": "module.vpc",
      "mode": "managed",
      "type": "aws_nat_gateway",
      "name": "ngw",
      "provider": "module.vpc.provider[\"registry.terraform.io/hashicorp/aws\"]",
      "instances": []
    },
    {
      "module": "module.vpc",
      "mode": "managed",
      "type": "aws_route",
      "name": "pub_subnet_route",
      "provider": "module.vpc.provider[\"registry.terraform.io/hashicorp/aws\"]",
      "instances": [
        {
          "schema_version": 0,
          "attributes": {
            "carrier_gateway_id": "",
            "destination_cidr_block": "0.0.0.0/0",
            "destination_ipv6_cidr_block": "",
            "destination_prefix_list_id": "",
            "egress_only_gateway_id": "",
            "gateway_id": "igw-03200db4f65f32741",
            "id": "r-rtb-0da75e025b2708e6f1080289494",
            "instance_id": "",
            "instance_owner_id": "",
            "local_gateway_id": "",
            "nat_gateway_id": "",
            "network_interface_id": "",
            "origin": "CreateRoute",
            "route_table_id": "rtb-0da75e025b2708e6f",
            "state": "active",
            "timeouts": null,
            "transit_gateway_id": "",
            "vpc_endpoint_id": "",
            "vpc_peering_connection_id": ""
          },
          "sensitive_attributes": [],
          "private": "eyJlMmJmYjczMC1lY2FhLTExZTYtOGY4OC0zNDM2M2JjN2M0YzAiOnsiY3JlYXRlIjozMDAwMDAwMDAwMDAsImRlbGV0ZSI6MzAwMDAwMDAwMDAwLCJ1cGRhdGUiOjEyMDAwMDAwMDAwMH19",
          "dependencies": [
            "module.vpc.aws_internet_gateway.igw",
            "module.vpc.aws_route_table.public_route_table",
            "module.vpc.aws_vpc.vpc"
          ]
        }
      ]
    },
    {
      "module": "module.vpc",
      "mode": "managed",
      "type": "aws_route",
      "name": "pvt_subnet_route",
      "provider": "module.vpc.provider[\"registry.terraform.io/hashicorp/aws\"]",
      "instances": []
    },
    {
      "module": "module.vpc",
      "mode": "managed",
      "type": "aws_route_table",
      "name": "private_route_table",
      "provider": "module.vpc.provider[\"registry.terraform.io/hashicorp/aws\"]",
      "instances": [
        {
          "index_key": 0,
          "schema_version": 0,
          "attributes": {
            "arn": "arn:aws:ec2:ap-south-1:020418788736:route-table/rtb-0acaa4472e5ce12fb",
            "id": "rtb-0acaa4472e5ce12fb",
            "owner_id": "020418788736",
            "propagating_vgws": [],
            "route": [],
            "tags": {
              "Env": "PROD",
              "Managed_by": "BETAFLUX",
              "Name": "BF-NHM-PROD-MU-PRI-RT-01",
              "Region": "ap-south-1",
              "Resource": "PRI-RT"
            },
            "tags_all": {
              "Env": "PROD",
              "Managed_by": "BETAFLUX",
              "Name": "BF-NHM-PROD-MU-PRI-RT-01",
              "Region": "ap-south-1",
              "Resource": "PRI-RT"
            },
            "timeouts": null,
            "vpc_id": "vpc-06d582e6d0753b651"
          },
          "sensitive_attributes": [],
          "private": "eyJlMmJmYjczMC1lY2FhLTExZTYtOGY4OC0zNDM2M2JjN2M0YzAiOnsiY3JlYXRlIjozMDAwMDAwMDAwMDAsImRlbGV0ZSI6MzAwMDAwMDAwMDAwLCJ1cGRhdGUiOjEyMDAwMDAwMDAwMH19",
          "dependencies": [
            "module.vpc.aws_vpc.vpc"
          ]
        },
        {
          "index_key": 1,
          "schema_version": 0,
          "attributes": {
            "arn": "arn:aws:ec2:ap-south-1:020418788736:route-table/rtb-073e9aefca4ccf557",
            "id": "rtb-073e9aefca4ccf557",
            "owner_id": "020418788736",
            "propagating_vgws": [],
            "route": [],
            "tags": {
              "Env": "PROD",
              "Managed_by": "BETAFLUX",
              "Name": "BF-NHM-PROD-MU-PRI-RT-02",
              "Region": "ap-south-1",
              "Resource": "PRI-RT"
            },
            "tags_all": {
              "Env": "PROD",
              "Managed_by": "BETAFLUX",
              "Name": "BF-NHM-PROD-MU-PRI-RT-02",
              "Region": "ap-south-1",
              "Resource": "PRI-RT"
            },
            "timeouts": null,
            "vpc_id": "vpc-06d582e6d0753b651"
          },
          "sensitive_attributes": [],
          "private": "eyJlMmJmYjczMC1lY2FhLTExZTYtOGY4OC0zNDM2M2JjN2M0YzAiOnsiY3JlYXRlIjozMDAwMDAwMDAwMDAsImRlbGV0ZSI6MzAwMDAwMDAwMDAwLCJ1cGRhdGUiOjEyMDAwMDAwMDAwMH19",
          "dependencies": [
            "module.vpc.aws_vpc.vpc"
          ]
        },
        {
          "index_key": 2,
          "schema_version": 0,
          "attributes": {
            "arn": "arn:aws:ec2:ap-south-1:020418788736:route-table/rtb-08639cdfe393074b3",
            "id": "rtb-08639cdfe393074b3",
            "owner_id": "020418788736",
            "propagating_vgws": [],
            "route": [],
            "tags": {
              "Env": "PROD",
              "Managed_by": "BETAFLUX",
              "Name": "BF-NHM-PROD-MU-PRI-RT-03",
              "Region": "ap-south-1",
              "Resource": "PRI-RT"
            },
            "tags_all": {
              "Env": "PROD",
              "Managed_by": "BETAFLUX",
              "Name": "BF-NHM-PROD-MU-PRI-RT-03",
              "Region": "ap-south-1",
              "Resource": "PRI-RT"
            },
            "timeouts": null,
            "vpc_id": "vpc-06d582e6d0753b651"
          },
          "sensitive_attributes": [],
          "private": "eyJlMmJmYjczMC1lY2FhLTExZTYtOGY4OC0zNDM2M2JjN2M0YzAiOnsiY3JlYXRlIjozMDAwMDAwMDAwMDAsImRlbGV0ZSI6MzAwMDAwMDAwMDAwLCJ1cGRhdGUiOjEyMDAwMDAwMDAwMH19",
          "dependencies": [
            "module.vpc.aws_vpc.vpc"
          ]
        }
      ]
    },
    {
      "module": "module.vpc",
      "mode": "managed",
      "type": "aws_route_table",
      "name": "public_route_table",
      "provider": "module.vpc.provider[\"registry.terraform.io/hashicorp/aws\"]",
      "instances": [
        {
          "schema_version": 0,
          "attributes": {
            "arn": "arn:aws:ec2:ap-south-1:020418788736:route-table/rtb-0da75e025b2708e6f",
            "id": "rtb-0da75e025b2708e6f",
            "owner_id": "020418788736",
            "propagating_vgws": [],
            "route": [],
            "tags": {
              "Env": "PROD",
              "Managed_by": "BETAFLUX",
              "Name": "BF-NHM-PROD-MU-PUB-RT-01",
              "Region": "ap-south-1",
              "Resource": "PUB-RT"
            },
            "tags_all": {
              "Env": "PROD",
              "Managed_by": "BETAFLUX",
              "Name": "BF-NHM-PROD-MU-PUB-RT-01",
              "Region": "ap-south-1",
              "Resource": "PUB-RT"
            },
            "timeouts": null,
            "vpc_id": "vpc-06d582e6d0753b651"
          },
          "sensitive_attributes": [],
          "private": "eyJlMmJmYjczMC1lY2FhLTExZTYtOGY4OC0zNDM2M2JjN2M0YzAiOnsiY3JlYXRlIjozMDAwMDAwMDAwMDAsImRlbGV0ZSI6MzAwMDAwMDAwMDAwLCJ1cGRhdGUiOjEyMDAwMDAwMDAwMH19",
          "dependencies": [
            "module.vpc.aws_vpc.vpc"
          ]
        }
      ]
    },
    {
      "module": "module.vpc",
      "mode": "managed",
      "type": "aws_route_table_association",
      "name": "pub_sub_pub_rt_asso",
      "provider": "module.vpc.provider[\"registry.terraform.io/hashicorp/aws\"]",
      "instances": []
    },
    {
      "module": "module.vpc",
      "mode": "managed",
      "type": "aws_route_table_association",
      "name": "pvt_sub_pvt_rt_asso",
      "provider": "module.vpc.provider[\"registry.terraform.io/hashicorp/aws\"]",
      "instances": []
    },
    {
      "module": "module.vpc",
      "mode": "managed",
      "type": "aws_vpc",
      "name": "vpc",
      "provider": "module.vpc.provider[\"registry.terraform.io/hashicorp/aws\"]",
      "instances": [
        {
          "schema_version": 1,
          "attributes": {
            "arn": "arn:aws:ec2:ap-south-1:020418788736:vpc/vpc-06d582e6d0753b651",
            "assign_generated_ipv6_cidr_block": false,
            "cidr_block": "10.0.0.0/16",
            "default_network_acl_id": "acl-00a524cc575dd97f1",
            "default_route_table_id": "rtb-04a7d82f29c21a3ae",
            "default_security_group_id": "sg-0a687c4414fa026d0",
            "dhcp_options_id": "dopt-0bfc9d8f26559c551",
            "enable_classiclink": false,
            "enable_classiclink_dns_support": false,
            "enable_dns_hostnames": false,
            "enable_dns_support": true,
            "id": "vpc-06d582e6d0753b651",
            "instance_tenancy": "default",
            "ipv4_ipam_pool_id": null,
            "ipv4_netmask_length": null,
            "ipv6_association_id": "",
            "ipv6_cidr_block": "",
            "ipv6_cidr_block_network_border_group": "",
            "ipv6_ipam_pool_id": "",
            "ipv6_netmask_length": 0,
            "main_route_table_id": "rtb-04a7d82f29c21a3ae",
            "owner_id": "020418788736",
            "tags": {
              "Env": "PROD",
              "Managed_by": "BETAFLUX",
              "Name": "BF-NHM-PROD-MU-VPC-01",
              "Region": "ap-south-1",
              "Resource": "VPC"
            },
            "tags_all": {
              "Env": "PROD",
              "Managed_by": "BETAFLUX",
              "Name": "BF-NHM-PROD-MU-VPC-01",
              "Region": "ap-south-1",
              "Resource": "VPC"
            }
          },
          "sensitive_attributes": [],
          "private": "eyJzY2hlbWFfdmVyc2lvbiI6IjEifQ=="
        }
      ]
    }
  ],
  "check_results": null
}
